// !$*UTF8*$!
{
	archiveVersion = 1;
	classes = {
	};
	objectVersion = 56;
	objects = {

/* Begin PBXBuildFile section */
		A10000012C90000000000001 /* iosAppApp.swift in Sources */ = {isa = PBXBuildFile; fileRef = A10000022C90000000000001 /* iosAppApp.swift */; };
		A10000032C90000000000001 /* ContentView.swift in Sources */ = {isa = PBXBuildFile; fileRef = A10000042C90000000000001 /* ContentView.swift */; };
		A100000B2C90000000000002 /* HomeView.swift in Sources */ = {isa = PBXBuildFile; fileRef = A100000C2C90000000000002 /* HomeView.swift */; };
		A100000B2C90000000000003 /* SettingsView.swift in Sources */ = {isa = PBXBuildFile; fileRef = A100000C2C90000000000003 /* SettingsView.swift */; };
		A100000B2C90000000000004 /* HolidaysView.swift in Sources */ = {isa = PBXBuildFile; fileRef = A100000C2C90000000000004 /* HolidaysView.swift */; };
		A100000B2C90000000000005 /* MainTabView.swift in Sources */ = {isa = PBXBuildFile; fileRef = A100000C2C90000000000005 /* MainTabView.swift */; };
		A100000B2C90000000000006 /* InsightsView.swift in Sources */ = {isa = PBXBuildFile; fileRef = A100000C2C90000000000006 /* InsightsView.swift */; };
		A100000B2C90000000000007 /* HRPortalView.swift in Sources */ = {isa = PBXBuildFile; fileRef = A100000C2C90000000000007 /* HRPortalView.swift */; };
		A100000R2C90000000000001 /* google_sans_semibold.ttf in Resources */ = {isa = PBXBuildFile; fileRef = A100000R2C90000000000002 /* google_sans_semibold.ttf */; };
		A100000R2C90000000000003 /* logo.png in Resources */ = {isa = PBXBuildFile; fileRef = A100000R2C90000000000004 /* logo.png */; };
/* End PBXBuildFile section */

/* Begin PBXFileReference section */
		A10000002C90000000000001 /* PingPin.app */ = {isa = PBXFileReference; explicitFileType = wrapper.application; includeInIndex = 0; path = PingPin.app; sourceTree = BUILT_PRODUCTS_DIR; };
		A10000022C90000000000001 /* iosAppApp.swift */ = {isa = PBXFileReference; lastKnownFileType = sourcecode.swift; path = iosAppApp.swift; sourceTree = "<group>"; };
		A10000042C90000000000001 /* ContentView.swift */ = {isa = PBXFileReference; lastKnownFileType = sourcecode.swift; path = ContentView.swift; sourceTree = "<group>"; };
		A10000052C90000000000001 /* Info.plist */ = {isa = PBXFileReference; lastKnownFileType = text.plist.xml; path = Info.plist; sourceTree = "<group>"; };
		A100000C2C90000000000002 /* HomeView.swift */ = {isa = PBXFileReference; lastKnownFileType = sourcecode.swift; path = Views/HomeView.swift; sourceTree = "<group>"; };
		A100000C2C90000000000003 /* SettingsView.swift */ = {isa = PBXFileReference; lastKnownFileType = sourcecode.swift; path = Views/SettingsView.swift; sourceTree = "<group>"; };
		A100000C2C90000000000004 /* HolidaysView.swift */ = {isa = PBXFileReference; lastKnownFileType = sourcecode.swift; path = Views/HolidaysView.swift; sourceTree = "<group>"; };
		A100000C2C90000000000005 /* MainTabView.swift */ = {isa = PBXFileReference; lastKnownFileType = sourcecode.swift; path = Views/MainTabView.swift; sourceTree = "<group>"; };
		A100000C2C90000000000006 /* InsightsView.swift */ = {isa = PBXFileReference; lastKnownFileType = sourcecode.swift; path = Views/InsightsView.swift; sourceTree = "<group>"; };
		A100000C2C90000000000007 /* HRPortalView.swift */ = {isa = PBXFileReference; lastKnownFileType = sourcecode.swift; path = Views/HRPortalView.swift; sourceTree = "<group>"; };
		A100000R2C90000000000002 /* google_sans_semibold.ttf */ = {isa = PBXFileReference; lastKnownFileType = file; path = Resources/google_sans_semibold.ttf; sourceTree = "<group>"; };
		A100000R2C90000000000004 /* logo.png */ = {isa = PBXFileReference; lastKnownFileType = image.png; path = Resources/logo.png; sourceTree = "<group>"; };
/* End PBXFileReference section */

/* Begin PBXFrameworksBuildPhase section */
		A10000062C90000000000001 /* Frameworks */ = {
			isa = PBXFrameworksBuildPhase;
			buildActionMask = 2147483647;
			files = (
			);
			runOnlyForDeploymentPostprocessing = 0;
		};
/* End PBXFrameworksBuildPhase section */

/* Begin PBXGroup section */
		A10000072C90000000000001 = {
			isa = PBXGroup;
			children = (
				A10000082C90000000000001 /* iosApp */,
				A10000092C90000000000001 /* Products */,
			);
			sourceTree = "<group>";
		};
		A10000082C90000000000001 /* iosApp */ = {
			isa = PBXGroup;
			children = (
				A10000022C90000000000001 /* iosAppApp.swift */,
				A10000042C90000000000001 /* ContentView.swift */,
				A100000C2C90000000000002 /* HomeView.swift */,
				A100000C2C90000000000003 /* SettingsView.swift */,
				A100000C2C90000000000004 /* HolidaysView.swift */,
				A100000C2C90000000000005 /* MainTabView.swift */,
				A10000052C90000000000001 /* Info.plist */,
			);
			path = iosApp;
			sourceTree = "<group>";
		};
		A10000092C90000000000001 /* Products */ = {
			isa = PBXGroup;
			children = (
				A10000002C90000000000001 /* PingPin.app */,
			);
			name = Products;
			sourceTree = "<group>";
		};
/* End PBXGroup section */

/* Begin PBXNativeTarget section */
		A100000A2C90000000000001 /* iosApp */ = {
			isa = PBXNativeTarget;
			buildConfigurationList = A100000B2C90000000000001 /* Build configuration list for PBXNativeTarget "iosApp" */;
			buildPhases = (
				A100000D2C90000000000001 /* Sources */,
				A10000062C90000000000001 /* Frameworks */,
				A100000E2C90000000000001 /* Resources */,
			);
			buildRules = (
			);
			dependencies = (
			);
			name = iosApp;
			productName = iosApp;
			productReference = A10000002C90000000000001 /* PingPin.app */;
			productType = "com.apple.product-type.application";
		};
/* End PBXNativeTarget section */

/* Begin PBXProject section */
		A100000F2C90000000000001 /* Project object */ = {
			isa = PBXProject;
			attributes = {
				BuildIndependentTargetsInParallel = 1;
				LastSwiftUpdateCheck = 1500;
				LastUpgradeCheck = 1500;
				TargetAttributes = {
					A100000A2C90000000000001 = {
						CreatedOnToolsVersion = 15.0;
					};
				};
			};
			buildConfigurationList = A10000102C90000000000001 /* Build configuration list for PBXProject "iosApp" */;
			compatibilityVersion = "Xcode 14.0";
			developmentRegion = en;
			hasScannedForEncodings = 0;
			knownRegions = (
				en,
				Base,
			);
			mainGroup = A10000072C90000000000001;
			productRefGroup = A10000092C90000000000001;
			projectDirPath = "";
			projectRoot = "";
			targets = (
				A100000A2C90000000000001 /* iosApp */,
			);
		};
/* End PBXProject section */

/* Begin PBXResourcesBuildPhase section */
		A100000E2C90000000000001 /* Resources */ = {
			isa = PBXResourcesBuildPhase;
			buildActionMask = 2147483647;
			files = (
				A100000R2C90000000000001 /* google_sans_semibold.ttf in Resources */,
				A100000R2C90000000000003 /* logo.png in Resources */,
			);
			runOnlyForDeploymentPostprocessing = 0;
		};
/* End PBXResourcesBuildPhase section */

/* Begin PBXShellScriptBuildPhase section */
		A100000C2C90000000000001 /* Run Script - KMP Framework Embed */ = {
			isa = PBXShellScriptBuildPhase;
			buildActionMask = 2147483647;
			files = (
			);
			inputFileListPaths = (
			);
			inputPaths = (
			);
			name = "Run Script - KMP Framework Embed";
			outputFileListPaths = (
			);
			outputPaths = (
			);
			runOnlyForDeploymentPostprocessing = 0;
			shellPath = /bin/sh;
			shellScript = "cd \"$SRCROOT/..\"\n./gradlew :shared:embedAndSignAppleFrameworkForXcode\n";
		};
/* End PBXShellScriptBuildPhase section */

/* Begin PBXSourcesBuildPhase section */
		A100000D2C90000000000001 /* Sources */ = {
			isa = PBXSourcesBuildPhase;
			buildActionMask = 2147483647;
			files = (
				A10000012C90000000000001 /* iosAppApp.swift in Sources */,
				A10000032C90000000000001 /* ContentView.swift in Sources */,
				A100000B2C90000000000002 /* HomeView.swift in Sources */,
				A100000B2C90000000000003 /* SettingsView.swift in Sources */,
				A100000B2C90000000000004 /* HolidaysView.swift in Sources */,
				A100000B2C90000000000005 /* MainTabView.swift in Sources */,
			);
			runOnlyForDeploymentPostprocessing = 0;
		};
/* End PBXSourcesBuildPhase section */

/* Begin XCBuildConfiguration section */
		A10000112C90000000000001 /* Debug */ = {
			isa = XCBuildConfiguration;
			buildSettings = {
				ALWAYS_SEARCH_USER_PATHS = NO;
				CLANG_ANALYZER_NONNULL = YES;
				CLANG_ANALYZER_NUMBER_OBJECT_CONVERSION = YES_AGGRESSIVE;
				CLANG_CXX_LANGUAGE_STANDARD = "gnu++20";
				CLANG_ENABLE_MODULES = YES;
				CLANG_ENABLE_OBJC_ARC = YES;
				CLANG_ENABLE_OBJC_WEAK = YES;
				COPY_PHASE_STRIP = NO;
				DEBUG_INFORMATION_FORMAT = dwarf;
				ENABLE_STRICT_OBJC_MSGSEND = YES;
				ENABLE_TESTABILITY = YES;
				GCC_C_LANGUAGE_STANDARD = gnu11;
				GCC_DYNAMIC_NO_PIC = NO;
				GCC_NO_COMMON_BLOCKS = YES;
				GCC_OPTIMIZATION_LEVEL = 0;
				GCC_PREPROCESSOR_DEFINITIONS = (
					"DEBUG=1",
					"$(inherited)",
				);
				GCC_WARN_64_TO_32_BIT_CONVERSION = YES;
				GCC_WARN_ABOUT_RETURN_TYPE = YES_ERROR;
				GCC_WARN_UNDECLARED_SELECTOR = YES;
				GCC_WARN_UNINITIALIZED_AUTOS = YES_AGGRESSIVE;
				GCC_WARN_UNUSED_FUNCTION = YES;
				GCC_WARN_UNUSED_VARIABLE = YES;
				IPHONEOS_DEPLOYMENT_TARGET = 16.0;
				MTL_ENABLE_DEBUG_INFO = INCLUDE_SOURCE;
				MTL_FAST_MATH = YES;
				ONLY_ACTIVE_ARCH = YES;
				SDKROOT = iphoneos;
				SWIFT_ACTIVE_COMPILATION_CONDITIONS = DEBUG;
				SWIFT_OPTIMIZATION_LEVEL = "-Onone";
			};
			name = Debug;
		};
		A10000122C90000000000001 /* Release */ = {
			isa = XCBuildConfiguration;
			buildSettings = {
				ALWAYS_SEARCH_USER_PATHS = NO;
				CLANG_ANALYZER_NONNULL = YES;
				CLANG_ANALYZER_NUMBER_OBJECT_CONVERSION = YES_AGGRESSIVE;
				CLANG_CXX_LANGUAGE_STANDARD = "gnu++20";
				CLANG_ENABLE_MODULES = YES;
				CLANG_ENABLE_OBJC_ARC = YES;
				CLANG_ENABLE_OBJC_WEAK = YES;
				COPY_PHASE_STRIP = NO;
				DEBUG_INFORMATION_FORMAT = "dwarf-with-dsym";
				ENABLE_NS_ASSERTIONS = NO;
				ENABLE_STRICT_OBJC_MSGSEND = YES;
				GCC_C_LANGUAGE_STANDARD = gnu11;
				GCC_NO_COMMON_BLOCKS = YES;
				GCC_WARN_64_TO_32_BIT_CONVERSION = YES;
				GCC_WARN_ABOUT_RETURN_TYPE = YES_ERROR;
				GCC_WARN_UNDECLARED_SELECTOR = YES;
				GCC_WARN_UNINITIALIZED_AUTOS = YES_AGGRESSIVE;
				GCC_WARN_UNUSED_FUNCTION = YES;
				GCC_WARN_UNUSED_VARIABLE = YES;
				IPHONEOS_DEPLOYMENT_TARGET = 16.0;
				MTL_FAST_MATH = YES;
				SDKROOT = iphoneos;
				SWIFT_COMPILATION_MODE = wholemodule;
				SWIFT_OPTIMIZATION_LEVEL = "-O";
				VALIDATE_PRODUCT = YES;
			};
			name = Release;
		};
		A10000132C90000000000001 /* Debug */ = {
			isa = XCBuildConfiguration;
			buildSettings = {
				CODE_SIGN_STYLE = Automatic;
				CURRENT_PROJECT_VERSION = 1;
				DEVELOPMENT_ASSET_PATHS = "";
				ENABLE_PREVIEWS = YES;
				FRAMEWORK_SEARCH_PATHS = (
					"$(inherited)",
					"$(SRCROOT)/../shared/build/xcode-frameworks/$(CONFIGURATION)/$(SDK_NAME)",
				);
				GENERATE_INFOPLIST_FILE = NO;
				INFOPLIST_FILE = iosApp/Info.plist;
				LD_RUNPATH_SEARCH_PATHS = (
					"$(inherited)",
					"@executable_path/Frameworks",
				);
				MARKETING_VERSION = 3.0.0;
				PRODUCT_BUNDLE_IDENTIFIER = com.urunkarpm.pingpin.iosApp;
				PRODUCT_NAME = "$(TARGET_NAME)";
				SWIFT_EMIT_LOC_TARGET_NAME = iosApp;
				SWIFT_VERSION = 5.0;
				TARGETED_DEVICE_FAMILY = "1,2";
			};
			name = Debug;
		};
		A10000142C90000000000001 /* Release */ = {
			isa = XCBuildConfiguration;
			buildSettings = {
				CODE_SIGN_STYLE = Automatic;
				CURRENT_PROJECT_VERSION = 1;
				DEVELOPMENT_ASSET_PATHS = "";
				ENABLE_PREVIEWS = YES;
				FRAMEWORK_SEARCH_PATHS = (
					"$(inherited)",
					"$(SRCROOT)/../shared/build/xcode-frameworks/$(CONFIGURATION)/$(SDK_NAME)",
				);
				GENERATE_INFOPLIST_FILE = NO;
				INFOPLIST_FILE = iosApp/Info.plist;
				LD_RUNPATH_SEARCH_PATHS = (
					"$(inherited)",
					"@executable_path/Frameworks",
				);
				MARKETING_VERSION = 3.0.0;
				PRODUCT_BUNDLE_IDENTIFIER = com.urunkarpm.pingpin.iosApp;
				PRODUCT_NAME = "$(TARGET_NAME)";
				SWIFT_EMIT_LOC_TARGET_NAME = iosApp;
				SWIFT_VERSION = 5.0;
				TARGETED_DEVICE_FAMILY = "1,2";
			};
			name = Release;
		};
/* End XCBuildConfiguration section */

/* Begin XCConfigurationList section */
		A10000102C90000000000001 /* Build configuration list for PBXProject "iosApp" */ = {
			isa = XCConfigurationList;
			buildConfigurations = (
				A10000112C90000000000001 /* Debug */,
				A10000122C90000000000001 /* Release */,
			);
			defaultConfigurationIsVisible = 0;
			defaultConfigurationName = Release;
		};
		A100000B2C90000000000001 /* Build configuration list for PBXNativeTarget "iosApp" */ = {
			isa = XCConfigurationList;
			buildConfigurations = (
				A10000132C90000000000001 /* Debug */,
				A10000142C90000000000001 /* Release */,
			);
			defaultConfigurationIsVisible = 0;
			defaultConfigurationName = Release;
		};
/* End XCConfigurationList section */
	};
	rootObject = A100000F2C90000000000001 /* Project object */;
}
